
Microsoft Visual Studio Solution File, Format Version 12.00
# Visual Studio 15
VisualStudioVersion = 15.0.26430.6
MinimumVisualStudioVersion = 10.0.40219.1
Project("{FAE04EC0-301F-11D3-BF4B-00C04F79EFBC}") = "EnvisionExercise.UnitTests", "EnvisionExercise.UnitTests\EnvisionExercise.UnitTests.csproj", "{2008BC00-1E6A-4D43-A6E3-4655F867A59F}"
EndProject
Project("{FAE04EC0-301F-11D3-BF4B-00C04F79EFBC}") = "EnvisionExercise", "EnvisionExercise\EnvisionExercise.csproj", "{0020EB4A-9B00-4C94-A6F7-5A5946CD54C3}"
EndProject
Global
	GlobalSection(SolutionConfigurationPlatforms) = preSolution
		Debug|Any CPU = Debug|Any CPU
		Release|Any CPU = Release|Any CPU
	EndGlobalSection
	GlobalSection(ProjectConfigurationPlatforms) = postSolution
		{2008BC00-1E6A-4D43-A6E3-4655F867A59F}.Debug|Any CPU.ActiveCfg = Debug|Any CPU
		{2008BC00-1E6A-4D43-A6E3-4655F867A59F}.Debug|Any CPU.Build.0 = Debug|Any CPU
		{2008BC00-1E6A-4D43-A6E3-4655F867A59F}.Release|Any CPU.ActiveCfg = Release|Any CPU
		{2008BC00-1E6A-4D43-A6E3-4655F867A59F}.Release|Any CPU.Build.0 = Release|Any CPU
		{0020EB4A-9B00-4C94-A6F7-5A5946CD54C3}.Debug|Any CPU.ActiveCfg = Debug|Any CPU
		{0020EB4A-9B00-4C94-A6F7-5A5946CD54C3}.Debug|Any CPU.Build.0 = Debug|Any CPU
		{0020EB4A-9B00-4C94-A6F7-5A5946CD54C3}.Release|Any CPU.ActiveCfg = Release|Any CPU
		{0020EB4A-9B00-4C94-A6F7-5A5946CD54C3}.Release|Any CPU.Build.0 = Release|Any CPU
	EndGlobalSection
	GlobalSection(SolutionProperties) = preSolution
		HideSolutionNode = FALSE
	EndGlobalSection
EndGlobal
